// !$*UTF8*$!
{
	archiveVersion = 1;
	classes = {
	};
	objectVersion = 50;
	objects = {

/* Begin PBXBuildFile section */
		6816F5CD20FD56E900C6886B /* AppDelegate.swift in Sources */ = {isa = PBXBuildFile; fileRef = 6816F5CC20FD56E900C6886B /* AppDelegate.swift */; };
		6816F5CF20FD56E900C6886B /* ListTableViewCellController.swift in Sources */ = {isa = PBXBuildFile; fileRef = 6816F5CE20FD56E900C6886B /* ListTableViewCellController.swift */; };
		6816F5D520FD56E900C6886B /* Beta_List_6.xcdatamodeld in Sources */ = {isa = PBXBuildFile; fileRef = 6816F5D320FD56E900C6886B /* Beta_List_6.xcdatamodeld */; };
		6816F5D720FD56EA00C6886B /* Assets.xcassets in Resources */ = {isa = PBXBuildFile; fileRef = 6816F5D620FD56EA00C6886B /* Assets.xcassets */; };
		6816F5DA20FD56EA00C6886B /* LaunchScreen.storyboard in Resources */ = {isa = PBXBuildFile; fileRef = 6816F5D820FD56EA00C6886B /* LaunchScreen.storyboard */; };
		6816F5E320FE2F8600C6886B /* DetailViewController.swift in Sources */ = {isa = PBXBuildFile; fileRef = 6816F5E220FE2F8600C6886B /* DetailViewController.swift */; };
		6816F5E520FE426F00C6886B /* BetaTrendViewController.swift in Sources */ = {isa = PBXBuildFile; fileRef = 6816F5E420FE426F00C6886B /* BetaTrendViewController.swift */; };
		6816F5E720FE7E4100C6886B /* AddPatientViewController.swift in Sources */ = {isa = PBXBuildFile; fileRef = 6816F5E620FE7E4000C6886B /* AddPatientViewController.swift */; };
		681B0AA32107B1A10055726F /* LogInViewController.swift in Sources */ = {isa = PBXBuildFile; fileRef = 681B0AA22107B1A10055726F /* LogInViewController.swift */; };
		68809D79210108F600260113 /* DatabaseController.swift in Sources */ = {isa = PBXBuildFile; fileRef = 68809D78210108F600260113 /* DatabaseController.swift */; };
		68809D80210111AA00260113 /* Patient+CoreDataClass.swift in Sources */ = {isa = PBXBuildFile; fileRef = 68809D7A210111AA00260113 /* Patient+CoreDataClass.swift */; };
		68809D81210111AA00260113 /* Patient+CoreDataProperties.swift in Sources */ = {isa = PBXBuildFile; fileRef = 68809D7B210111AA00260113 /* Patient+CoreDataProperties.swift */; };
		68809D82210111AA00260113 /* Hcg+CoreDataClass.swift in Sources */ = {isa = PBXBuildFile; fileRef = 68809D7C210111AA00260113 /* Hcg+CoreDataClass.swift */; };
		68809D83210111AA00260113 /* Hcg+CoreDataProperties.swift in Sources */ = {isa = PBXBuildFile; fileRef = 68809D7D210111AA00260113 /* Hcg+CoreDataProperties.swift */; };
		68809D84210111AA00260113 /* Ultrasound+CoreDataClass.swift in Sources */ = {isa = PBXBuildFile; fileRef = 68809D7E210111AA00260113 /* Ultrasound+CoreDataClass.swift */; };
		68809D85210111AA00260113 /* Ultrasound+CoreDataProperties.swift in Sources */ = {isa = PBXBuildFile; fileRef = 68809D7F210111AA00260113 /* Ultrasound+CoreDataProperties.swift */; };
		68ADF165210531010040F3AA /* NotificationViewController.swift in Sources */ = {isa = PBXBuildFile; fileRef = 68ADF164210531010040F3AA /* NotificationViewController.swift */; };
/* End PBXBuildFile section */

/* Begin PBXFileReference section */
		6816F5C920FD56E900C6886B /* Beta_List_6.app */ = {isa = PBXFileReference; explicitFileType = wrapper.application; includeInIndex = 0; path = Beta_List_6.app; sourceTree = BUILT_PRODUCTS_DIR; };
		6816F5CC20FD56E900C6886B /* AppDelegate.swift */ = {isa = PBXFileReference; lastKnownFileType = sourcecode.swift; path = AppDelegate.swift; sourceTree = "<group>"; };
		6816F5CE20FD56E900C6886B /* ListTableViewCellController.swift */ = {isa = PBXFileReference; lastKnownFileType = sourcecode.swift; path = ListTableViewCellController.swift; sourceTree = "<group>"; };
		6816F5D420FD56E900C6886B /* Beta_List_6.xcdatamodel */ = {isa = PBXFileReference; lastKnownFileType = wrapper.xcdatamodel; path = Beta_List_6.xcdatamodel; sourceTree = "<group>"; };
		6816F5D620FD56EA00C6886B /* Assets.xcassets */ = {isa = PBXFileReference; lastKnownFileType = folder.assetcatalog; path = Assets.xcassets; sourceTree = "<group>"; };
		6816F5D920FD56EA00C6886B /* Base */ = {isa = PBXFileReference; lastKnownFileType = file.storyboard; name = Base; path = Base.lproj/LaunchScreen.storyboard; sourceTree = "<group>"; };
		6816F5DB20FD56EA00C6886B /* Info.plist */ = {isa = PBXFileReference; lastKnownFileType = text.plist.xml; path = Info.plist; sourceTree = "<group>"; };
		6816F5E220FE2F8600C6886B /* DetailViewController.swift */ = {isa = PBXFileReference; lastKnownFileType = sourcecode.swift; path = DetailViewController.swift; sourceTree = "<group>"; };
		6816F5E420FE426F00C6886B /* BetaTrendViewController.swift */ = {isa = PBXFileReference; lastKnownFileType = sourcecode.swift; path = BetaTrendViewController.swift; sourceTree = "<group>"; };
		6816F5E620FE7E4000C6886B /* AddPatientViewController.swift */ = {isa = PBXFileReference; lastKnownFileType = sourcecode.swift; path = AddPatientViewController.swift; sourceTree = "<group>"; };
		681B0AA22107B1A10055726F /* LogInViewController.swift */ = {isa = PBXFileReference; lastKnownFileType = sourcecode.swift; path = LogInViewController.swift; sourceTree = "<group>"; };
		68809D78210108F600260113 /* DatabaseController.swift */ = {isa = PBXFileReference; lastKnownFileType = sourcecode.swift; path = DatabaseController.swift; sourceTree = "<group>"; };
		68809D7A210111AA00260113 /* Patient+CoreDataClass.swift */ = {isa = PBXFileReference; lastKnownFileType = sourcecode.swift; path = "Patient+CoreDataClass.swift"; sourceTree = "<group>"; };
		68809D7B210111AA00260113 /* Patient+CoreDataProperties.swift */ = {isa = PBXFileReference; lastKnownFileType = sourcecode.swift; path = "Patient+CoreDataProperties.swift"; sourceTree = "<group>"; };
		68809D7C210111AA00260113 /* Hcg+CoreDataClass.swift */ = {isa = PBXFileReference; lastKnownFileType = sourcecode.swift; path = "Hcg+CoreDataClass.swift"; sourceTree = "<group>"; };
		68809D7D210111AA00260113 /* Hcg+CoreDataProperties.swift */ = {isa = PBXFileReference; lastKnownFileType = sourcecode.swift; path = "Hcg+CoreDataProperties.swift"; sourceTree = "<group>"; };
		68809D7E210111AA00260113 /* Ultrasound+CoreDataClass.swift */ = {isa = PBXFileReference; lastKnownFileType = sourcecode.swift; path = "Ultrasound+CoreDataClass.swift"; sourceTree = "<group>"; };
		68809D7F210111AA00260113 /* Ultrasound+CoreDataProperties.swift */ = {isa = PBXFileReference; lastKnownFileType = sourcecode.swift; path = "Ultrasound+CoreDataProperties.swift"; sourceTree = "<group>"; };
		68ADF164210531010040F3AA /* NotificationViewController.swift */ = {isa = PBXFileReference; lastKnownFileType = sourcecode.swift; path = NotificationViewController.swift; sourceTree = "<group>"; };
/* End PBXFileReference section */

/* Begin PBXFrameworksBuildPhase section */
		6816F5C620FD56E900C6886B /* Frameworks */ = {
			isa = PBXFrameworksBuildPhase;
			buildActionMask = 2147483647;
			files = (
			);
			runOnlyForDeploymentPostprocessing = 0;
		};
/* End PBXFrameworksBuildPhase section */

/* Begin PBXGroup section */
		6816F5C020FD56E900C6886B = {
			isa = PBXGroup;
			children = (
				68809D7A210111AA00260113 /* Patient+CoreDataClass.swift */,
				68809D7B210111AA00260113 /* Patient+CoreDataProperties.swift */,
				68809D7C210111AA00260113 /* Hcg+CoreDataClass.swift */,
				68809D7D210111AA00260113 /* Hcg+CoreDataProperties.swift */,
				68809D7E210111AA00260113 /* Ultrasound+CoreDataClass.swift */,
				68809D7F210111AA00260113 /* Ultrasound+CoreDataProperties.swift */,
				6816F5CB20FD56E900C6886B /* Beta_List_6 */,
				6816F5CA20FD56E900C6886B /* Products */,
			);
			sourceTree = "<group>";
		};
		6816F5CA20FD56E900C6886B /* Products */ = {
			isa = PBXGroup;
			children = (
				6816F5C920FD56E900C6886B /* Beta_List_6.app */,
			);
			name = Products;
			sourceTree = "<group>";
		};
		6816F5CB20FD56E900C6886B /* Beta_List_6 */ = {
			isa = PBXGroup;
			children = (
				6816F5CC20FD56E900C6886B /* AppDelegate.swift */,
				6816F5E120FE2F0800C6886B /* Controllers */,
				6816F5D620FD56EA00C6886B /* Assets.xcassets */,
				6816F5D820FD56EA00C6886B /* LaunchScreen.storyboard */,
				6816F5DB20FD56EA00C6886B /* Info.plist */,
				6816F5D320FD56E900C6886B /* Beta_List_6.xcdatamodeld */,
			);
			path = Beta_List_6;
			sourceTree = "<group>";
		};
		6816F5E120FE2F0800C6886B /* Controllers */ = {
			isa = PBXGroup;
			children = (
				6816F5CE20FD56E900C6886B /* ListTableViewCellController.swift */,
				681B0AA22107B1A10055726F /* LogInViewController.swift */,
				6816F5E220FE2F8600C6886B /* DetailViewController.swift */,
				6816F5E420FE426F00C6886B /* BetaTrendViewController.swift */,
				6816F5E620FE7E4000C6886B /* AddPatientViewController.swift */,
				68809D78210108F600260113 /* DatabaseController.swift */,
				68ADF164210531010040F3AA /* NotificationViewController.swift */,
			);
			path = Controllers;
			sourceTree = "<group>";
		};
/* End PBXGroup section */

/* Begin PBXNativeTarget section */
		6816F5C820FD56E900C6886B /* Beta_List_6 */ = {
			isa = PBXNativeTarget;
			buildConfigurationList = 6816F5DE20FD56EA00C6886B /* Build configuration list for PBXNativeTarget "Beta_List_6" */;
			buildPhases = (
				6816F5C520FD56E900C6886B /* Sources */,
				6816F5C620FD56E900C6886B /* Frameworks */,
				6816F5C720FD56E900C6886B /* Resources */,
			);
			buildRules = (
			);
			dependencies = (
			);
			name = Beta_List_6;
			productName = Beta_List_6;
			productReference = 6816F5C920FD56E900C6886B /* Beta_List_6.app */;
			productType = "com.apple.product-type.application";
		};
/* End PBXNativeTarget section */

/* Begin PBXProject section */
		6816F5C120FD56E900C6886B /* Project object */ = {
			isa = PBXProject;
			attributes = {
				LastSwiftUpdateCheck = 0940;
				LastUpgradeCheck = 0940;
				ORGANIZATIONNAME = "Ryan Callery";
				TargetAttributes = {
					6816F5C820FD56E900C6886B = {
						CreatedOnToolsVersion = 9.4;
					};
				};
			};
			buildConfigurationList = 6816F5C420FD56E900C6886B /* Build configuration list for PBXProject "Beta_List_6" */;
			compatibilityVersion = "Xcode 9.3";
			developmentRegion = en;
			hasScannedForEncodings = 0;
			knownRegions = (
				en,
				Base,
			);
			mainGroup = 6816F5C020FD56E900C6886B;
			productRefGroup = 6816F5CA20FD56E900C6886B /* Products */;
			projectDirPath = "";
			projectRoot = "";
			targets = (
				6816F5C820FD56E900C6886B /* Beta_List_6 */,
			);
		};
/* End PBXProject section */

/* Begin PBXResourcesBuildPhase section */
		6816F5C720FD56E900C6886B /* Resources */ = {
			isa = PBXResourcesBuildPhase;
			buildActionMask = 2147483647;
			files = (
				6816F5DA20FD56EA00C6886B /* LaunchScreen.storyboard in Resources */,
				6816F5D720FD56EA00C6886B /* Assets.xcassets in Resources */,
			);
			runOnlyForDeploymentPostprocessing = 0;
		};
/* End PBXResourcesBuildPhase section */

/* Begin PBXSourcesBuildPhase section */
		6816F5C520FD56E900C6886B /* Sources */ = {
			isa = PBXSourcesBuildPhase;
			buildActionMask = 2147483647;
			files = (
				68809D82210111AA00260113 /* Hcg+CoreDataClass.swift in Sources */,
				6816F5E720FE7E4100C6886B /* AddPatientViewController.swift in Sources */,
				6816F5CF20FD56E900C6886B /* ListTableViewCellController.swift in Sources */,
				68809D83210111AA00260113 /* Hcg+CoreDataProperties.swift in Sources */,
				6816F5D520FD56E900C6886B /* Beta_List_6.xcdatamodeld in Sources */,
				68809D79210108F600260113 /* DatabaseController.swift in Sources */,
				6816F5CD20FD56E900C6886B /* AppDelegate.swift in Sources */,
				68809D81210111AA00260113 /* Patient+CoreDataProperties.swift in Sources */,
				681B0AA32107B1A10055726F /* LogInViewController.swift in Sources */,
				6816F5E520FE426F00C6886B /* BetaTrendViewController.swift in Sources */,
				68809D85210111AA00260113 /* Ultrasound+CoreDataProperties.swift in Sources */,
				68ADF165210531010040F3AA /* NotificationViewController.swift in Sources */,
				68809D84210111AA00260113 /* Ultrasound+CoreDataClass.swift in Sources */,
				68809D80210111AA00260113 /* Patient+CoreDataClass.swift in Sources */,
				6816F5E320FE2F8600C6886B /* DetailViewController.swift in Sources */,
			);
			runOnlyForDeploymentPostprocessing = 0;
		};
/* End PBXSourcesBuildPhase section */

/* Begin PBXVariantGroup section */
		6816F5D820FD56EA00C6886B /* LaunchScreen.storyboard */ = {
			isa = PBXVariantGroup;
			children = (
				6816F5D920FD56EA00C6886B /* Base */,
			);
			name = LaunchScreen.storyboard;
			sourceTree = "<group>";
		};
/* End PBXVariantGroup section */

/* Begin XCBuildConfiguration section */
		6816F5DC20FD56EA00C6886B /* Debug */ = {
			isa = XCBuildConfiguration;
			buildSettings = {
				ALWAYS_SEARCH_USER_PATHS = NO;
				CLANG_ANALYZER_NONNULL = YES;
				CLANG_ANALYZER_NUMBER_OBJECT_CONVERSION = YES_AGGRESSIVE;
				CLANG_CXX_LANGUAGE_STANDARD = "gnu++14";
				CLANG_CXX_LIBRARY = "libc++";
				CLANG_ENABLE_MODULES = YES;
				CLANG_ENABLE_OBJC_ARC = YES;
				CLANG_ENABLE_OBJC_WEAK = YES;
				CLANG_WARN_BLOCK_CAPTURE_AUTORELEASING = YES;
				CLANG_WARN_BOOL_CONVERSION = YES;
				CLANG_WARN_COMMA = YES;
				CLANG_WARN_CONSTANT_CONVERSION = YES;
				CLANG_WARN_DEPRECATED_OBJC_IMPLEMENTATIONS = YES;
				CLANG_WARN_DIRECT_OBJC_ISA_USAGE = YES_ERROR;
				CLANG_WARN_DOCUMENTATION_COMMENTS = YES;
				CLANG_WARN_EMPTY_BODY = YES;
				CLANG_WARN_ENUM_CONVERSION = YES;
				CLANG_WARN_INFINITE_RECURSION = YES;
				CLANG_WARN_INT_CONVERSION = YES;
				CLANG_WARN_NON_LITERAL_NULL_CONVERSION = YES;
				CLANG_WARN_OBJC_IMPLICIT_RETAIN_SELF = YES;
				CLANG_WARN_OBJC_LITERAL_CONVERSION = YES;
				CLANG_WARN_OBJC_ROOT_CLASS = YES_ERROR;
				CLANG_WARN_RANGE_LOOP_ANALYSIS = YES;
				CLANG_WARN_STRICT_PROTOTYPES = YES;
				CLANG_WARN_SUSPICIOUS_MOVE = YES;
				CLANG_WARN_UNGUARDED_AVAILABILITY = YES_AGGRESSIVE;
				CLANG_WARN_UNREACHABLE_CODE = YES;
				CLANG_WARN__DUPLICATE_METHOD_MATCH = YES;
				CODE_SIGN_IDENTITY = "iPhone Developer";
				COPY_PHASE_STRIP = NO;
				DEBUG_INFORMATION_FORMAT = dwarf;
				ENABLE_STRICT_OBJC_MSGSEND = YES;
				ENABLE_TESTABILITY = YES;
				GCC_C_LANGUAGE_STANDARD = gnu11;
				GCC_DYNAMIC_NO_PIC = NO;
				GCC_NO_COMMON_BLOCKS = YES;
				GCC_OPTIMIZATION_LEVEL = 0;
				GCC_PREPROCESSOR_DEFINITIONS = (
					"DEBUG=1",
					"$(inherited)",
				);
				GCC_WARN_64_TO_32_BIT_CONVERSION = YES;
				GCC_WARN_ABOUT_RETURN_TYPE = YES_ERROR;
				GCC_WARN_UNDECLARED_SELECTOR = YES;
				GCC_WARN_UNINITIALIZED_AUTOS = YES_AGGRESSIVE;
				GCC_WARN_UNUSED_FUNCTION = YES;
				GCC_WARN_UNUSED_VARIABLE = YES;
				IPHONEOS_DEPLOYMENT_TARGET = 11.4;
				MTL_ENABLE_DEBUG_INFO = YES;
				ONLY_ACTIVE_ARCH = YES;
				SDKROOT = iphoneos;
				SWIFT_ACTIVE_COMPILATION_CONDITIONS = DEBUG;
				SWIFT_OPTIMIZATION_LEVEL = "-Onone";
			};
			name = Debug;
		};
		6816F5DD20FD56EA00C6886B /* Release */ = {
			isa = XCBuildConfiguration;
			buildSettings = {
				ALWAYS_SEARCH_USER_PATHS = NO;
				CLANG_ANALYZER_NONNULL = YES;
				CLANG_ANALYZER_NUMBER_OBJECT_CONVERSION = YES_AGGRESSIVE;
				CLANG_CXX_LANGUAGE_STANDARD = "gnu++14";
				CLANG_CXX_LIBRARY = "libc++";
				CLANG_ENABLE_MODULES = YES;
				CLANG_ENABLE_OBJC_ARC = YES;
				CLANG_ENABLE_OBJC_WEAK = YES;
				CLANG_WARN_BLOCK_CAPTURE_AUTORELEASING = YES;
				CLANG_WARN_BOOL_CONVERSION = YES;
				CLANG_WARN_COMMA = YES;
				CLANG_WARN_CONSTANT_CONVERSION = YES;
				CLANG_WARN_DEPRECATED_OBJC_IMPLEMENTATIONS = YES;
				CLANG_WARN_DIRECT_OBJC_ISA_USAGE = YES_ERROR;
				CLANG_WARN_DOCUMENTATION_COMMENTS = YES;
				CLANG_WARN_EMPTY_BODY = YES;
				CLANG_WARN_ENUM_CONVERSION = YES;
				CLANG_WARN_INFINITE_RECURSION = YES;
				CLANG_WARN_INT_CONVERSION = YES;
				CLANG_WARN_NON_LITERAL_NULL_CONVERSION = YES;
				CLANG_WARN_OBJC_IMPLICIT_RETAIN_SELF = YES;
				CLANG_WARN_OBJC_LITERAL_CONVERSION = YES;
				CLANG_WARN_OBJC_ROOT_CLASS = YES_ERROR;
				CLANG_WARN_RANGE_LOOP_ANALYSIS = YES;
				CLANG_WARN_STRICT_PROTOTYPES = YES;
				CLANG_WARN_SUSPICIOUS_MOVE = YES;
				CLANG_WARN_UNGUARDED_AVAILABILITY = YES_AGGRESSIVE;
				CLANG_WARN_UNREACHABLE_CODE = YES;
				CLANG_WARN__DUPLICATE_METHOD_MATCH = YES;
				CODE_SIGN_IDENTITY = "iPhone Developer";
				COPY_PHASE_STRIP = NO;
				DEBUG_INFORMATION_FORMAT = "dwarf-with-dsym";
				ENABLE_NS_ASSERTIONS = NO;
				ENABLE_STRICT_OBJC_MSGSEND = YES;
				GCC_C_LANGUAGE_STANDARD = gnu11;
				GCC_NO_COMMON_BLOCKS = YES;
				GCC_WARN_64_TO_32_BIT_CONVERSION = YES;
				GCC_WARN_ABOUT_RETURN_TYPE = YES_ERROR;
				GCC_WARN_UNDECLARED_SELECTOR = YES;
				GCC_WARN_UNINITIALIZED_AUTOS = YES_AGGRESSIVE;
				GCC_WARN_UNUSED_FUNCTION = YES;
				GCC_WARN_UNUSED_VARIABLE = YES;
				IPHONEOS_DEPLOYMENT_TARGET = 11.4;
				MTL_ENABLE_DEBUG_INFO = NO;
				SDKROOT = iphoneos;
				SWIFT_COMPILATION_MODE = wholemodule;
				SWIFT_OPTIMIZATION_LEVEL = "-O";
				VALIDATE_PRODUCT = YES;
			};
			name = Release;
		};
		6816F5DF20FD56EA00C6886B /* Debug */ = {
			isa = XCBuildConfiguration;
			buildSettings = {
				ASSETCATALOG_COMPILER_APPICON_NAME = AppIcon;
				CODE_SIGN_STYLE = Automatic;
				DEVELOPMENT_TEAM = HZ8Q4D89PS;
				INFOPLIST_FILE = Beta_List_6/Info.plist;
				LD_RUNPATH_SEARCH_PATHS = (
					"$(inherited)",
					"@executable_path/Frameworks",
				);
				PRODUCT_BUNDLE_IDENTIFIER = "com.whiteboard.UIKit-Survey.Beta-List-6";
				PRODUCT_NAME = "$(TARGET_NAME)";
				SWIFT_VERSION = 4.0;
				TARGETED_DEVICE_FAMILY = "1,2";
			};
			name = Debug;
		};
		6816F5E020FD56EA00C6886B /* Release */ = {
			isa = XCBuildConfiguration;
			buildSettings = {
				ASSETCATALOG_COMPILER_APPICON_NAME = AppIcon;
				CODE_SIGN_STYLE = Automatic;
				DEVELOPMENT_TEAM = HZ8Q4D89PS;
				INFOPLIST_FILE = Beta_List_6/Info.plist;
				LD_RUNPATH_SEARCH_PATHS = (
					"$(inherited)",
					"@executable_path/Frameworks",
				);
				PRODUCT_BUNDLE_IDENTIFIER = "com.whiteboard.UIKit-Survey.Beta-List-6";
				PRODUCT_NAME = "$(TARGET_NAME)";
				SWIFT_VERSION = 4.0;
				TARGETED_DEVICE_FAMILY = "1,2";
			};
			name = Release;
		};
/* End XCBuildConfiguration section */

/* Begin XCConfigurationList section */
		6816F5C420FD56E900C6886B /* Build configuration list for PBXProject "Beta_List_6" */ = {
			isa = XCConfigurationList;
			buildConfigurations = (
				6816F5DC20FD56EA00C6886B /* Debug */,
				6816F5DD20FD56EA00C6886B /* Release */,
			);
			defaultConfigurationIsVisible = 0;
			defaultConfigurationName = Release;
		};
		6816F5DE20FD56EA00C6886B /* Build configuration list for PBXNativeTarget "Beta_List_6" */ = {
			isa = XCConfigurationList;
			buildConfigurations = (
				6816F5DF20FD56EA00C6886B /* Debug */,
				6816F5E020FD56EA00C6886B /* Release */,
			);
			defaultConfigurationIsVisible = 0;
			defaultConfigurationName = Release;
		};
/* End XCConfigurationList section */

/* Begin XCVersionGroup section */
		6816F5D320FD56E900C6886B /* Beta_List_6.xcdatamodeld */ = {
			isa = XCVersionGroup;
			children = (
				6816F5D420FD56E900C6886B /* Beta_List_6.xcdatamodel */,
			);
			currentVersion = 6816F5D420FD56E900C6886B /* Beta_List_6.xcdatamodel */;
			path = Beta_List_6.xcdatamodeld;
			sourceTree = "<group>";
			versionGroupType = wrapper.xcdatamodel;
		};
/* End XCVersionGroup section */
	};
	rootObject = 6816F5C120FD56E900C6886B /* Project object */;
}
